
Microsoft Visual Studio Solution File, Format Version 12.00
# Visual Studio Version 16
VisualStudioVersion = 16.0.31605.320
MinimumVisualStudioVersion = 10.0.40219.1
Project("{FAE04EC0-301F-11D3-BF4B-00C04F79EFBC}") = "Funcoes", "Funcoes\Funcoes.csproj", "{21C4302B-0F61-4FBA-B1FE-DD20526B707F}"
EndProject
Global
	GlobalSection(SolutionConfigurationPlatforms) = preSolution
		Debug|Any CPU = Debug|Any CPU
		Release|Any CPU = Release|Any CPU
	EndGlobalSection
	GlobalSection(ProjectConfigurationPlatforms) = postSolution
		{21C4302B-0F61-4FBA-B1FE-DD20526B707F}.Debug|Any CPU.ActiveCfg = Debug|Any CPU
		{21C4302B-0F61-4FBA-B1FE-DD20526B707F}.Debug|Any CPU.Build.0 = Debug|Any CPU
		{21C4302B-0F61-4FBA-B1FE-DD20526B707F}.Release|Any CPU.ActiveCfg = Release|Any CPU
		{21C4302B-0F61-4FBA-B1FE-DD20526B707F}.Release|Any CPU.Build.0 = Release|Any CPU
	EndGlobalSection
	GlobalSection(SolutionProperties) = preSolution
		HideSolutionNode = FALSE
	EndGlobalSection
	GlobalSection(ExtensibilityGlobals) = postSolution
		SolutionGuid = {D8FDA4E2-7072-4AF3-9511-2F332C17F682}
	EndGlobalSection
EndGlobal
